
Microsoft Visual Studio Solution File, Format Version 12.00
# Visual Studio 2012
Project("{FAE04EC0-301F-11D3-BF4B-00C04F79EFBC}") = "JsonFeedParser", "JsonFeedParser\JsonFeedParser.csproj", "{2DECCA73-25F2-47EF-B8F1-F5C8FCD2DB79}"
EndProject
Global
	GlobalSection(SolutionConfigurationPlatforms) = preSolution
		Debug|Any CPU = Debug|Any CPU
		Release|Any CPU = Release|Any CPU
	EndGlobalSection
	GlobalSection(ProjectConfigurationPlatforms) = postSolution
		{2DECCA73-25F2-47EF-B8F1-F5C8FCD2DB79}.Debug|Any CPU.ActiveCfg = Debug|Any CPU
		{2DECCA73-25F2-47EF-B8F1-F5C8FCD2DB79}.Debug|Any CPU.Build.0 = Debug|Any CPU
		{2DECCA73-25F2-47EF-B8F1-F5C8FCD2DB79}.Release|Any CPU.ActiveCfg = Release|Any CPU
		{2DECCA73-25F2-47EF-B8F1-F5C8FCD2DB79}.Release|Any CPU.Build.0 = Release|Any CPU
	EndGlobalSection
	GlobalSection(MonoDevelopProperties) = preSolution
		StartupItem = JsonFeedParser\JsonFeedParser.csproj
	EndGlobalSection
EndGlobal
